
Microsoft Visual Studio Solution File, Format Version 12.00
# Visual Studio 15
VisualStudioVersion = 15.0.28307.539
MinimumVisualStudioVersion = 10.0.40219.1
Project("{FAE04EC0-301F-11D3-BF4B-00C04F79EFBC}") = "RotateUnitTest", "RotateUnitTest\RotateUnitTest.csproj", "{FF44C11E-41BD-4C00-80BC-2375948C3D22}"
EndProject
Global
	GlobalSection(SolutionConfigurationPlatforms) = preSolution
		Debug|Any CPU = Debug|Any CPU
		Release|Any CPU = Release|Any CPU
	EndGlobalSection
	GlobalSection(ProjectConfigurationPlatforms) = postSolution
		{FF44C11E-41BD-4C00-80BC-2375948C3D22}.Debug|Any CPU.ActiveCfg = Debug|Any CPU
		{FF44C11E-41BD-4C00-80BC-2375948C3D22}.Debug|Any CPU.Build.0 = Debug|Any CPU
		{FF44C11E-41BD-4C00-80BC-2375948C3D22}.Release|Any CPU.ActiveCfg = Release|Any CPU
		{FF44C11E-41BD-4C00-80BC-2375948C3D22}.Release|Any CPU.Build.0 = Release|Any CPU
	EndGlobalSection
	GlobalSection(SolutionProperties) = preSolution
		HideSolutionNode = FALSE
	EndGlobalSection
	GlobalSection(ExtensibilityGlobals) = postSolution
		SolutionGuid = {32E18B20-B5F3-4E26-BBE0-0B9646650535}
	EndGlobalSection
EndGlobal
